
Microsoft Visual Studio Solution File, Format Version 12.00
# Visual Studio 15
VisualStudioVersion = 15.0.28307.572
MinimumVisualStudioVersion = 10.0.40219.1
Project("{8BC9CEB8-8B4A-11D0-8D11-00A0C91BC942}") = "proyecto2", "proyecto2.vcxproj", "{0D2F3991-DC66-4486-BBCF-BDE8559B1B78}"
EndProject
Global
	GlobalSection(SolutionConfigurationPlatforms) = preSolution
		Debug|x86 = Debug|x86
		Release|x86 = Release|x86
	EndGlobalSection
	GlobalSection(ProjectConfigurationPlatforms) = postSolution
		{0D2F3991-DC66-4486-BBCF-BDE8559B1B78}.Debug|x86.ActiveCfg = Debug|Win32
		{0D2F3991-DC66-4486-BBCF-BDE8559B1B78}.Debug|x86.Build.0 = Debug|Win32
		{0D2F3991-DC66-4486-BBCF-BDE8559B1B78}.Release|x86.ActiveCfg = Release|Win32
		{0D2F3991-DC66-4486-BBCF-BDE8559B1B78}.Release|x86.Build.0 = Release|Win32
	EndGlobalSection
	GlobalSection(SolutionProperties) = preSolution
		HideSolutionNode = FALSE
	EndGlobalSection
	GlobalSection(ExtensibilityGlobals) = postSolution
		SolutionGuid = {55469EB9-A4F9-4FC1-91B8-DD3EB3B32761}
	EndGlobalSection
EndGlobal
